// !$*UTF8*$!
{
	archiveVersion = 1;
	classes = {
	};
	objectVersion = 46;
	objects = {

/* Begin PBXBuildFile section */
		10A0F9CE7A79D160F1807D42 /* Pods_progmaticTweets.framework in Frameworks */ = {isa = PBXBuildFile; fileRef = EB8950DE71F03E0F33F48217 /* Pods_progmaticTweets.framework */; };
		24812389D243682F3E88BA95 /* Pods_progmaticTweetsUITests.framework in Frameworks */ = {isa = PBXBuildFile; fileRef = C5EFD080669B074B7B31AF46 /* Pods_progmaticTweetsUITests.framework */; };
		D479F0B01D0111280084011E /* TweetDetailViewController.swift in Sources */ = {isa = PBXBuildFile; fileRef = D479F0AF1D0111280084011E /* TweetDetailViewController.swift */; };
		D4AD21671CF8C8DE006A2289 /* AppDelegate.swift in Sources */ = {isa = PBXBuildFile; fileRef = D4AD21661CF8C8DE006A2289 /* AppDelegate.swift */; };
		D4AD21691CF8C8DE006A2289 /* RootViewController.swift in Sources */ = {isa = PBXBuildFile; fileRef = D4AD21681CF8C8DE006A2289 /* RootViewController.swift */; };
		D4AD216C1CF8C8DE006A2289 /* Main.storyboard in Resources */ = {isa = PBXBuildFile; fileRef = D4AD216A1CF8C8DE006A2289 /* Main.storyboard */; };
		D4AD216E1CF8C8DE006A2289 /* Assets.xcassets in Resources */ = {isa = PBXBuildFile; fileRef = D4AD216D1CF8C8DE006A2289 /* Assets.xcassets */; };
		D4AD21711CF8C8DE006A2289 /* LaunchScreen.storyboard in Resources */ = {isa = PBXBuildFile; fileRef = D4AD216F1CF8C8DE006A2289 /* LaunchScreen.storyboard */; };
		D4AD217C1CF8C8DE006A2289 /* progmaticTweetsTests.swift in Sources */ = {isa = PBXBuildFile; fileRef = D4AD217B1CF8C8DE006A2289 /* progmaticTweetsTests.swift */; };
		D4AD21871CF8C8DF006A2289 /* progmaticTweetsUITests.swift in Sources */ = {isa = PBXBuildFile; fileRef = D4AD21861CF8C8DF006A2289 /* progmaticTweetsUITests.swift */; };
		D4BED1DE1CFA69CC0007F89F /* WebViewTests.swift in Sources */ = {isa = PBXBuildFile; fileRef = D4BED1DD1CFA69CC0007F89F /* WebViewTests.swift */; };
		D4BED1E01CFB90D10007F89F /* ParsedTweet.swift in Sources */ = {isa = PBXBuildFile; fileRef = D4BED1DF1CFB90D10007F89F /* ParsedTweet.swift */; };
		D4BED1E21CFBF7ED0007F89F /* ParsedTweetCell.swift in Sources */ = {isa = PBXBuildFile; fileRef = D4BED1E11CFBF7ED0007F89F /* ParsedTweetCell.swift */; };
		D4F0D3E71CFF60360089323E /* TwitterAPIRequestUtilities.swift in Sources */ = {isa = PBXBuildFile; fileRef = D4F0D3E61CFF60360089323E /* TwitterAPIRequestUtilities.swift */; };
		FC8D1B9813004E081B5151A2 /* Pods_progmaticTweetsTests.framework in Frameworks */ = {isa = PBXBuildFile; fileRef = B2662C8B905FAE31874EDE4A /* Pods_progmaticTweetsTests.framework */; };
/* End PBXBuildFile section */

/* Begin PBXContainerItemProxy section */
		D4AD21781CF8C8DE006A2289 /* PBXContainerItemProxy */ = {
			isa = PBXContainerItemProxy;
			containerPortal = D4AD215B1CF8C8DE006A2289 /* Project object */;
			proxyType = 1;
			remoteGlobalIDString = D4AD21621CF8C8DE006A2289;
			remoteInfo = progmaticTweets;
		};
		D4AD21831CF8C8DF006A2289 /* PBXContainerItemProxy */ = {
			isa = PBXContainerItemProxy;
			containerPortal = D4AD215B1CF8C8DE006A2289 /* Project object */;
			proxyType = 1;
			remoteGlobalIDString = D4AD21621CF8C8DE006A2289;
			remoteInfo = progmaticTweets;
		};
/* End PBXContainerItemProxy section */

/* Begin PBXFileReference section */
		19C0338F3D8D8037C91EF1C8 /* Pods-progmaticTweets.release.xcconfig */ = {isa = PBXFileReference; includeInIndex = 1; lastKnownFileType = text.xcconfig; name = "Pods-progmaticTweets.release.xcconfig"; path = "Pods/Target Support Files/Pods-progmaticTweets/Pods-progmaticTweets.release.xcconfig"; sourceTree = "<group>"; };
		39C14ED9902803E954E92215 /* Pods-progmaticTweetsUITests.release.xcconfig */ = {isa = PBXFileReference; includeInIndex = 1; lastKnownFileType = text.xcconfig; name = "Pods-progmaticTweetsUITests.release.xcconfig"; path = "Pods/Target Support Files/Pods-progmaticTweetsUITests/Pods-progmaticTweetsUITests.release.xcconfig"; sourceTree = "<group>"; };
		5C021D984A1FDE836D6C9C1C /* Pods-progmaticTweets.debug.xcconfig */ = {isa = PBXFileReference; includeInIndex = 1; lastKnownFileType = text.xcconfig; name = "Pods-progmaticTweets.debug.xcconfig"; path = "Pods/Target Support Files/Pods-progmaticTweets/Pods-progmaticTweets.debug.xcconfig"; sourceTree = "<group>"; };
		B2662C8B905FAE31874EDE4A /* Pods_progmaticTweetsTests.framework */ = {isa = PBXFileReference; explicitFileType = wrapper.framework; includeInIndex = 0; path = Pods_progmaticTweetsTests.framework; sourceTree = BUILT_PRODUCTS_DIR; };
		BB6BFA54F44CDE7E43DC8F8E /* Pods-progmaticTweetsUITests.debug.xcconfig */ = {isa = PBXFileReference; includeInIndex = 1; lastKnownFileType = text.xcconfig; name = "Pods-progmaticTweetsUITests.debug.xcconfig"; path = "Pods/Target Support Files/Pods-progmaticTweetsUITests/Pods-progmaticTweetsUITests.debug.xcconfig"; sourceTree = "<group>"; };
		C351A3974679EF267E2CFC6E /* Pods-progmaticTweetsTests.debug.xcconfig */ = {isa = PBXFileReference; includeInIndex = 1; lastKnownFileType = text.xcconfig; name = "Pods-progmaticTweetsTests.debug.xcconfig"; path = "Pods/Target Support Files/Pods-progmaticTweetsTests/Pods-progmaticTweetsTests.debug.xcconfig"; sourceTree = "<group>"; };
		C5EFD080669B074B7B31AF46 /* Pods_progmaticTweetsUITests.framework */ = {isa = PBXFileReference; explicitFileType = wrapper.framework; includeInIndex = 0; path = Pods_progmaticTweetsUITests.framework; sourceTree = BUILT_PRODUCTS_DIR; };
		D479F0AF1D0111280084011E /* TweetDetailViewController.swift */ = {isa = PBXFileReference; fileEncoding = 4; lastKnownFileType = sourcecode.swift; path = TweetDetailViewController.swift; sourceTree = "<group>"; };
		D4AD21631CF8C8DE006A2289 /* progmaticTweets.app */ = {isa = PBXFileReference; explicitFileType = wrapper.application; includeInIndex = 0; path = progmaticTweets.app; sourceTree = BUILT_PRODUCTS_DIR; };
		D4AD21661CF8C8DE006A2289 /* AppDelegate.swift */ = {isa = PBXFileReference; lastKnownFileType = sourcecode.swift; path = AppDelegate.swift; sourceTree = "<group>"; };
		D4AD21681CF8C8DE006A2289 /* RootViewController.swift */ = {isa = PBXFileReference; lastKnownFileType = sourcecode.swift; path = RootViewController.swift; sourceTree = "<group>"; };
		D4AD216B1CF8C8DE006A2289 /* Base */ = {isa = PBXFileReference; lastKnownFileType = file.storyboard; name = Base; path = Base.lproj/Main.storyboard; sourceTree = "<group>"; };
		D4AD216D1CF8C8DE006A2289 /* Assets.xcassets */ = {isa = PBXFileReference; lastKnownFileType = folder.assetcatalog; path = Assets.xcassets; sourceTree = "<group>"; };
		D4AD21701CF8C8DE006A2289 /* Base */ = {isa = PBXFileReference; lastKnownFileType = file.storyboard; name = Base; path = Base.lproj/LaunchScreen.storyboard; sourceTree = "<group>"; };
		D4AD21721CF8C8DE006A2289 /* Info.plist */ = {isa = PBXFileReference; lastKnownFileType = text.plist.xml; path = Info.plist; sourceTree = "<group>"; };
		D4AD21771CF8C8DE006A2289 /* progmaticTweetsTests.xctest */ = {isa = PBXFileReference; explicitFileType = wrapper.cfbundle; includeInIndex = 0; path = progmaticTweetsTests.xctest; sourceTree = BUILT_PRODUCTS_DIR; };
		D4AD217B1CF8C8DE006A2289 /* progmaticTweetsTests.swift */ = {isa = PBXFileReference; lastKnownFileType = sourcecode.swift; path = progmaticTweetsTests.swift; sourceTree = "<group>"; };
		D4AD217D1CF8C8DE006A2289 /* Info.plist */ = {isa = PBXFileReference; lastKnownFileType = text.plist.xml; path = Info.plist; sourceTree = "<group>"; };
		D4AD21821CF8C8DF006A2289 /* progmaticTweetsUITests.xctest */ = {isa = PBXFileReference; explicitFileType = wrapper.cfbundle; includeInIndex = 0; path = progmaticTweetsUITests.xctest; sourceTree = BUILT_PRODUCTS_DIR; };
		D4AD21861CF8C8DF006A2289 /* progmaticTweetsUITests.swift */ = {isa = PBXFileReference; lastKnownFileType = sourcecode.swift; path = progmaticTweetsUITests.swift; sourceTree = "<group>"; };
		D4AD21881CF8C8DF006A2289 /* Info.plist */ = {isa = PBXFileReference; lastKnownFileType = text.plist.xml; path = Info.plist; sourceTree = "<group>"; };
		D4BED1DD1CFA69CC0007F89F /* WebViewTests.swift */ = {isa = PBXFileReference; fileEncoding = 4; lastKnownFileType = sourcecode.swift; path = WebViewTests.swift; sourceTree = "<group>"; };
		D4BED1DF1CFB90D10007F89F /* ParsedTweet.swift */ = {isa = PBXFileReference; fileEncoding = 4; lastKnownFileType = sourcecode.swift; path = ParsedTweet.swift; sourceTree = "<group>"; };
		D4BED1E11CFBF7ED0007F89F /* ParsedTweetCell.swift */ = {isa = PBXFileReference; fileEncoding = 4; lastKnownFileType = sourcecode.swift; path = ParsedTweetCell.swift; sourceTree = "<group>"; };
		D4F0D3E61CFF60360089323E /* TwitterAPIRequestUtilities.swift */ = {isa = PBXFileReference; fileEncoding = 4; lastKnownFileType = sourcecode.swift; path = TwitterAPIRequestUtilities.swift; sourceTree = "<group>"; };
		EB8950DE71F03E0F33F48217 /* Pods_progmaticTweets.framework */ = {isa = PBXFileReference; explicitFileType = wrapper.framework; includeInIndex = 0; path = Pods_progmaticTweets.framework; sourceTree = BUILT_PRODUCTS_DIR; };
		F5556800F1E16001EA11074F /* Pods-progmaticTweetsTests.release.xcconfig */ = {isa = PBXFileReference; includeInIndex = 1; lastKnownFileType = text.xcconfig; name = "Pods-progmaticTweetsTests.release.xcconfig"; path = "Pods/Target Support Files/Pods-progmaticTweetsTests/Pods-progmaticTweetsTests.release.xcconfig"; sourceTree = "<group>"; };
/* End PBXFileReference section */

/* Begin PBXFrameworksBuildPhase section */
		D4AD21601CF8C8DE006A2289 /* Frameworks */ = {
			isa = PBXFrameworksBuildPhase;
			buildActionMask = 2147483647;
			files = (
				10A0F9CE7A79D160F1807D42 /* Pods_progmaticTweets.framework in Frameworks */,
			);
			runOnlyForDeploymentPostprocessing = 0;
		};
		D4AD21741CF8C8DE006A2289 /* Frameworks */ = {
			isa = PBXFrameworksBuildPhase;
			buildActionMask = 2147483647;
			files = (
				FC8D1B9813004E081B5151A2 /* Pods_progmaticTweetsTests.framework in Frameworks */,
			);
			runOnlyForDeploymentPostprocessing = 0;
		};
		D4AD217F1CF8C8DF006A2289 /* Frameworks */ = {
			isa = PBXFrameworksBuildPhase;
			buildActionMask = 2147483647;
			files = (
				24812389D243682F3E88BA95 /* Pods_progmaticTweetsUITests.framework in Frameworks */,
			);
			runOnlyForDeploymentPostprocessing = 0;
		};
/* End PBXFrameworksBuildPhase section */

/* Begin PBXGroup section */
		827BB1DD532C598078DB419E /* Pods */ = {
			isa = PBXGroup;
			children = (
				5C021D984A1FDE836D6C9C1C /* Pods-progmaticTweets.debug.xcconfig */,
				19C0338F3D8D8037C91EF1C8 /* Pods-progmaticTweets.release.xcconfig */,
				C351A3974679EF267E2CFC6E /* Pods-progmaticTweetsTests.debug.xcconfig */,
				F5556800F1E16001EA11074F /* Pods-progmaticTweetsTests.release.xcconfig */,
				BB6BFA54F44CDE7E43DC8F8E /* Pods-progmaticTweetsUITests.debug.xcconfig */,
				39C14ED9902803E954E92215 /* Pods-progmaticTweetsUITests.release.xcconfig */,
			);
			name = Pods;
			sourceTree = "<group>";
		};
		8C70BFF5BFC0EB0A3D21420E /* Frameworks */ = {
			isa = PBXGroup;
			children = (
				EB8950DE71F03E0F33F48217 /* Pods_progmaticTweets.framework */,
				B2662C8B905FAE31874EDE4A /* Pods_progmaticTweetsTests.framework */,
				C5EFD080669B074B7B31AF46 /* Pods_progmaticTweetsUITests.framework */,
			);
			name = Frameworks;
			sourceTree = "<group>";
		};
		D479F0AE1D0110B20084011E /* Tweet Detail VC */ = {
			isa = PBXGroup;
			children = (
				D479F0AF1D0111280084011E /* TweetDetailViewController.swift */,
			);
			name = "Tweet Detail VC";
			sourceTree = "<group>";
		};
		D4AD215A1CF8C8DE006A2289 = {
			isa = PBXGroup;
			children = (
				D4AD21651CF8C8DE006A2289 /* progmaticTweets */,
				D4AD217A1CF8C8DE006A2289 /* progmaticTweetsTests */,
				D4AD21851CF8C8DF006A2289 /* progmaticTweetsUITests */,
				D4AD21641CF8C8DE006A2289 /* Products */,
				827BB1DD532C598078DB419E /* Pods */,
				8C70BFF5BFC0EB0A3D21420E /* Frameworks */,
			);
			sourceTree = "<group>";
		};
		D4AD21641CF8C8DE006A2289 /* Products */ = {
			isa = PBXGroup;
			children = (
				D4AD21631CF8C8DE006A2289 /* progmaticTweets.app */,
				D4AD21771CF8C8DE006A2289 /* progmaticTweetsTests.xctest */,
				D4AD21821CF8C8DF006A2289 /* progmaticTweetsUITests.xctest */,
			);
			name = Products;
			sourceTree = "<group>";
		};
		D4AD21651CF8C8DE006A2289 /* progmaticTweets */ = {
			isa = PBXGroup;
			children = (
				D4AD21661CF8C8DE006A2289 /* AppDelegate.swift */,
				D4F0D3E41CFF58D90089323E /* Root VC */,
				D479F0AE1D0110B20084011E /* Tweet Detail VC */,
				D4F0D3E51CFF592F0089323E /* Twitter Utilities */,
				D4AD216A1CF8C8DE006A2289 /* Main.storyboard */,
				D4AD216D1CF8C8DE006A2289 /* Assets.xcassets */,
				D4AD216F1CF8C8DE006A2289 /* LaunchScreen.storyboard */,
				D4AD21721CF8C8DE006A2289 /* Info.plist */,
			);
			path = progmaticTweets;
			sourceTree = "<group>";
		};
		D4AD217A1CF8C8DE006A2289 /* progmaticTweetsTests */ = {
			isa = PBXGroup;
			children = (
				D4AD217B1CF8C8DE006A2289 /* progmaticTweetsTests.swift */,
				D4AD217D1CF8C8DE006A2289 /* Info.plist */,
				D4BED1DD1CFA69CC0007F89F /* WebViewTests.swift */,
			);
			path = progmaticTweetsTests;
			sourceTree = "<group>";
		};
		D4AD21851CF8C8DF006A2289 /* progmaticTweetsUITests */ = {
			isa = PBXGroup;
			children = (
				D4AD21861CF8C8DF006A2289 /* progmaticTweetsUITests.swift */,
				D4AD21881CF8C8DF006A2289 /* Info.plist */,
			);
			path = progmaticTweetsUITests;
			sourceTree = "<group>";
		};
		D4F0D3E41CFF58D90089323E /* Root VC */ = {
			isa = PBXGroup;
			children = (
				D4AD21681CF8C8DE006A2289 /* RootViewController.swift */,
				D4BED1E11CFBF7ED0007F89F /* ParsedTweetCell.swift */,
			);
			name = "Root VC";
			sourceTree = "<group>";
		};
		D4F0D3E51CFF592F0089323E /* Twitter Utilities */ = {
			isa = PBXGroup;
			children = (
				D4BED1DF1CFB90D10007F89F /* ParsedTweet.swift */,
				D4F0D3E61CFF60360089323E /* TwitterAPIRequestUtilities.swift */,
			);
			name = "Twitter Utilities";
			sourceTree = "<group>";
		};
/* End PBXGroup section */

/* Begin PBXNativeTarget section */
		D4AD21621CF8C8DE006A2289 /* progmaticTweets */ = {
			isa = PBXNativeTarget;
			buildConfigurationList = D4AD218B1CF8C8DF006A2289 /* Build configuration list for PBXNativeTarget "progmaticTweets" */;
			buildPhases = (
				C410EA0F733F71E076CCE1EA /* 📦 Check Pods Manifest.lock */,
				D4AD215F1CF8C8DE006A2289 /* Sources */,
				D4AD21601CF8C8DE006A2289 /* Frameworks */,
				D4AD21611CF8C8DE006A2289 /* Resources */,
				8F1A9526DCA60633CA9A6BCE /* 📦 Embed Pods Frameworks */,
				D2812C5A5E35395C1732527D /* 📦 Copy Pods Resources */,
			);
			buildRules = (
			);
			dependencies = (
			);
			name = progmaticTweets;
			productName = progmaticTweets;
			productReference = D4AD21631CF8C8DE006A2289 /* progmaticTweets.app */;
			productType = "com.apple.product-type.application";
		};
		D4AD21761CF8C8DE006A2289 /* progmaticTweetsTests */ = {
			isa = PBXNativeTarget;
			buildConfigurationList = D4AD218E1CF8C8DF006A2289 /* Build configuration list for PBXNativeTarget "progmaticTweetsTests" */;
			buildPhases = (
				BE75EC9AC0AE596E804E8F52 /* 📦 Check Pods Manifest.lock */,
				D4AD21731CF8C8DE006A2289 /* Sources */,
				D4AD21741CF8C8DE006A2289 /* Frameworks */,
				D4AD21751CF8C8DE006A2289 /* Resources */,
				85693BFD1764FB629EE5F3CD /* 📦 Embed Pods Frameworks */,
				3006B4A18465ED16C7E97E3C /* 📦 Copy Pods Resources */,
			);
			buildRules = (
			);
			dependencies = (
				D4AD21791CF8C8DE006A2289 /* PBXTargetDependency */,
			);
			name = progmaticTweetsTests;
			productName = progmaticTweetsTests;
			productReference = D4AD21771CF8C8DE006A2289 /* progmaticTweetsTests.xctest */;
			productType = "com.apple.product-type.bundle.unit-test";
		};
		D4AD21811CF8C8DF006A2289 /* progmaticTweetsUITests */ = {
			isa = PBXNativeTarget;
			buildConfigurationList = D4AD21911CF8C8DF006A2289 /* Build configuration list for PBXNativeTarget "progmaticTweetsUITests" */;
			buildPhases = (
				DE6404267A7FBBFC44D1F00D /* 📦 Check Pods Manifest.lock */,
				D4AD217E1CF8C8DF006A2289 /* Sources */,
				D4AD217F1CF8C8DF006A2289 /* Frameworks */,
				D4AD21801CF8C8DF006A2289 /* Resources */,
				515B5508ED431D0BB44D4B30 /* 📦 Copy Pods Resources */,
			);
			buildRules = (
			);
			dependencies = (
				D4AD21841CF8C8DF006A2289 /* PBXTargetDependency */,
			);
			name = progmaticTweetsUITests;
			productName = progmaticTweetsUITests;
			productReference = D4AD21821CF8C8DF006A2289 /* progmaticTweetsUITests.xctest */;
			productType = "com.apple.product-type.bundle.ui-testing";
		};
/* End PBXNativeTarget section */

/* Begin PBXProject section */
		D4AD215B1CF8C8DE006A2289 /* Project object */ = {
			isa = PBXProject;
			attributes = {
				LastSwiftUpdateCheck = 0730;
				LastUpgradeCheck = 0730;
				ORGANIZATIONNAME = "Lei Zhao";
				TargetAttributes = {
					D4AD21621CF8C8DE006A2289 = {
						CreatedOnToolsVersion = 7.3.1;
						DevelopmentTeam = ZQNTYXCS7L;
					};
					D4AD21761CF8C8DE006A2289 = {
						CreatedOnToolsVersion = 7.3.1;
						TestTargetID = D4AD21621CF8C8DE006A2289;
					};
					D4AD21811CF8C8DF006A2289 = {
						CreatedOnToolsVersion = 7.3.1;
						TestTargetID = D4AD21621CF8C8DE006A2289;
					};
				};
			};
			buildConfigurationList = D4AD215E1CF8C8DE006A2289 /* Build configuration list for PBXProject "progmaticTweets" */;
			compatibilityVersion = "Xcode 3.2";
			developmentRegion = English;
			hasScannedForEncodings = 0;
			knownRegions = (
				en,
				Base,
			);
			mainGroup = D4AD215A1CF8C8DE006A2289;
			productRefGroup = D4AD21641CF8C8DE006A2289 /* Products */;
			projectDirPath = "";
			projectRoot = "";
			targets = (
				D4AD21621CF8C8DE006A2289 /* progmaticTweets */,
				D4AD21761CF8C8DE006A2289 /* progmaticTweetsTests */,
				D4AD21811CF8C8DF006A2289 /* progmaticTweetsUITests */,
			);
		};
/* End PBXProject section */

/* Begin PBXResourcesBuildPhase section */
		D4AD21611CF8C8DE006A2289 /* Resources */ = {
			isa = PBXResourcesBuildPhase;
			buildActionMask = 2147483647;
			files = (
				D4AD21711CF8C8DE006A2289 /* LaunchScreen.storyboard in Resources */,
				D4AD216E1CF8C8DE006A2289 /* Assets.xcassets in Resources */,
				D4AD216C1CF8C8DE006A2289 /* Main.storyboard in Resources */,
			);
			runOnlyForDeploymentPostprocessing = 0;
		};
		D4AD21751CF8C8DE006A2289 /* Resources */ = {
			isa = PBXResourcesBuildPhase;
			buildActionMask = 2147483647;
			files = (
			);
			runOnlyForDeploymentPostprocessing = 0;
		};
		D4AD21801CF8C8DF006A2289 /* Resources */ = {
			isa = PBXResourcesBuildPhase;
			buildActionMask = 2147483647;
			files = (
			);
			runOnlyForDeploymentPostprocessing = 0;
		};
/* End PBXResourcesBuildPhase section */

/* Begin PBXShellScriptBuildPhase section */
		3006B4A18465ED16C7E97E3C /* 📦 Copy Pods Resources */ = {
			isa = PBXShellScriptBuildPhase;
			buildActionMask = 2147483647;
			files = (
			);
			inputPaths = (
			);
			name = "📦 Copy Pods Resources";
			outputPaths = (
			);
			runOnlyForDeploymentPostprocessing = 0;
			shellPath = /bin/sh;
			shellScript = "\"${SRCROOT}/Pods/Target Support Files/Pods-progmaticTweetsTests/Pods-progmaticTweetsTests-resources.sh\"\n";
			showEnvVarsInLog = 0;
		};
		515B5508ED431D0BB44D4B30 /* 📦 Copy Pods Resources */ = {
			isa = PBXShellScriptBuildPhase;
			buildActionMask = 2147483647;
			files = (
			);
			inputPaths = (
			);
			name = "📦 Copy Pods Resources";
			outputPaths = (
			);
			runOnlyForDeploymentPostprocessing = 0;
			shellPath = /bin/sh;
			shellScript = "\"${SRCROOT}/Pods/Target Support Files/Pods-progmaticTweetsUITests/Pods-progmaticTweetsUITests-resources.sh\"\n";
			showEnvVarsInLog = 0;
		};
		85693BFD1764FB629EE5F3CD /* 📦 Embed Pods Frameworks */ = {
			isa = PBXShellScriptBuildPhase;
			buildActionMask = 2147483647;
			files = (
			);
			inputPaths = (
			);
			name = "📦 Embed Pods Frameworks";
			outputPaths = (
			);
			runOnlyForDeploymentPostprocessing = 0;
			shellPath = /bin/sh;
			shellScript = "\"${SRCROOT}/Pods/Target Support Files/Pods-progmaticTweetsTests/Pods-progmaticTweetsTests-frameworks.sh\"\n";
			showEnvVarsInLog = 0;
		};
		8F1A9526DCA60633CA9A6BCE /* 📦 Embed Pods Frameworks */ = {
			isa = PBXShellScriptBuildPhase;
			buildActionMask = 2147483647;
			files = (
			);
			inputPaths = (
			);
			name = "📦 Embed Pods Frameworks";
			outputPaths = (
			);
			runOnlyForDeploymentPostprocessing = 0;
			shellPath = /bin/sh;
			shellScript = "\"${SRCROOT}/Pods/Target Support Files/Pods-progmaticTweets/Pods-progmaticTweets-frameworks.sh\"\n";
			showEnvVarsInLog = 0;
		};
		BE75EC9AC0AE596E804E8F52 /* 📦 Check Pods Manifest.lock */ = {
			isa = PBXShellScriptBuildPhase;
			buildActionMask = 2147483647;
			files = (
			);
			inputPaths = (
			);
			name = "📦 Check Pods Manifest.lock";
			outputPaths = (
			);
			runOnlyForDeploymentPostprocessing = 0;
			shellPath = /bin/sh;
			shellScript = "diff \"${PODS_ROOT}/../Podfile.lock\" \"${PODS_ROOT}/Manifest.lock\" > /dev/null\nif [[ $? != 0 ]] ; then\n    cat << EOM\nerror: The sandbox is not in sync with the Podfile.lock. Run 'pod install' or update your CocoaPods installation.\nEOM\n    exit 1\nfi\n";
			showEnvVarsInLog = 0;
		};
		C410EA0F733F71E076CCE1EA /* 📦 Check Pods Manifest.lock */ = {
			isa = PBXShellScriptBuildPhase;
			buildActionMask = 2147483647;
			files = (
			);
			inputPaths = (
			);
			name = "📦 Check Pods Manifest.lock";
			outputPaths = (
			);
			runOnlyForDeploymentPostprocessing = 0;
			shellPath = /bin/sh;
			shellScript = "diff \"${PODS_ROOT}/../Podfile.lock\" \"${PODS_ROOT}/Manifest.lock\" > /dev/null\nif [[ $? != 0 ]] ; then\n    cat << EOM\nerror: The sandbox is not in sync with the Podfile.lock. Run 'pod install' or update your CocoaPods installation.\nEOM\n    exit 1\nfi\n";
			showEnvVarsInLog = 0;
		};
		D2812C5A5E35395C1732527D /* 📦 Copy Pods Resources */ = {
			isa = PBXShellScriptBuildPhase;
			buildActionMask = 2147483647;
			files = (
			);
			inputPaths = (
			);
			name = "📦 Copy Pods Resources";
			outputPaths = (
			);
			runOnlyForDeploymentPostprocessing = 0;
			shellPath = /bin/sh;
			shellScript = "\"${SRCROOT}/Pods/Target Support Files/Pods-progmaticTweets/Pods-progmaticTweets-resources.sh\"\n";
			showEnvVarsInLog = 0;
		};
		DE6404267A7FBBFC44D1F00D /* 📦 Check Pods Manifest.lock */ = {
			isa = PBXShellScriptBuildPhase;
			buildActionMask = 2147483647;
			files = (
			);
			inputPaths = (
			);
			name = "📦 Check Pods Manifest.lock";
			outputPaths = (
			);
			runOnlyForDeploymentPostprocessing = 0;
			shellPath = /bin/sh;
			shellScript = "diff \"${PODS_ROOT}/../Podfile.lock\" \"${PODS_ROOT}/Manifest.lock\" > /dev/null\nif [[ $? != 0 ]] ; then\n    cat << EOM\nerror: The sandbox is not in sync with the Podfile.lock. Run 'pod install' or update your CocoaPods installation.\nEOM\n    exit 1\nfi\n";
			showEnvVarsInLog = 0;
		};
/* End PBXShellScriptBuildPhase section */

/* Begin PBXSourcesBuildPhase section */
		D4AD215F1CF8C8DE006A2289 /* Sources */ = {
			isa = PBXSourcesBuildPhase;
			buildActionMask = 2147483647;
			files = (
				D4F0D3E71CFF60360089323E /* TwitterAPIRequestUtilities.swift in Sources */,
				D4BED1E21CFBF7ED0007F89F /* ParsedTweetCell.swift in Sources */,
				D4BED1E01CFB90D10007F89F /* ParsedTweet.swift in Sources */,
				D4AD21691CF8C8DE006A2289 /* RootViewController.swift in Sources */,
				D4AD21671CF8C8DE006A2289 /* AppDelegate.swift in Sources */,
				D479F0B01D0111280084011E /* TweetDetailViewController.swift in Sources */,
			);
			runOnlyForDeploymentPostprocessing = 0;
		};
		D4AD21731CF8C8DE006A2289 /* Sources */ = {
			isa = PBXSourcesBuildPhase;
			buildActionMask = 2147483647;
			files = (
				D4AD217C1CF8C8DE006A2289 /* progmaticTweetsTests.swift in Sources */,
				D4BED1DE1CFA69CC0007F89F /* WebViewTests.swift in Sources */,
			);
			runOnlyForDeploymentPostprocessing = 0;
		};
		D4AD217E1CF8C8DF006A2289 /* Sources */ = {
			isa = PBXSourcesBuildPhase;
			buildActionMask = 2147483647;
			files = (
				D4AD21871CF8C8DF006A2289 /* progmaticTweetsUITests.swift in Sources */,
			);
			runOnlyForDeploymentPostprocessing = 0;
		};
/* End PBXSourcesBuildPhase section */

/* Begin PBXTargetDependency section */
		D4AD21791CF8C8DE006A2289 /* PBXTargetDependency */ = {
			isa = PBXTargetDependency;
			target = D4AD21621CF8C8DE006A2289 /* progmaticTweets */;
			targetProxy = D4AD21781CF8C8DE006A2289 /* PBXContainerItemProxy */;
		};
		D4AD21841CF8C8DF006A2289 /* PBXTargetDependency */ = {
			isa = PBXTargetDependency;
			target = D4AD21621CF8C8DE006A2289 /* progmaticTweets */;
			targetProxy = D4AD21831CF8C8DF006A2289 /* PBXContainerItemProxy */;
		};
/* End PBXTargetDependency section */

/* Begin PBXVariantGroup section */
		D4AD216A1CF8C8DE006A2289 /* Main.storyboard */ = {
			isa = PBXVariantGroup;
			children = (
				D4AD216B1CF8C8DE006A2289 /* Base */,
			);
			name = Main.storyboard;
			sourceTree = "<group>";
		};
		D4AD216F1CF8C8DE006A2289 /* LaunchScreen.storyboard */ = {
			isa = PBXVariantGroup;
			children = (
				D4AD21701CF8C8DE006A2289 /* Base */,
			);
			name = LaunchScreen.storyboard;
			sourceTree = "<group>";
		};
/* End PBXVariantGroup section */

/* Begin XCBuildConfiguration section */
		D4AD21891CF8C8DF006A2289 /* Debug */ = {
			isa = XCBuildConfiguration;
			buildSettings = {
				ALWAYS_SEARCH_USER_PATHS = NO;
				CLANG_ANALYZER_NONNULL = YES;
				CLANG_CXX_LANGUAGE_STANDARD = "gnu++0x";
				CLANG_CXX_LIBRARY = "libc++";
				CLANG_ENABLE_MODULES = YES;
				CLANG_ENABLE_OBJC_ARC = YES;
				CLANG_WARN_BOOL_CONVERSION = YES;
				CLANG_WARN_CONSTANT_CONVERSION = YES;
				CLANG_WARN_DIRECT_OBJC_ISA_USAGE = YES_ERROR;
				CLANG_WARN_EMPTY_BODY = YES;
				CLANG_WARN_ENUM_CONVERSION = YES;
				CLANG_WARN_INT_CONVERSION = YES;
				CLANG_WARN_OBJC_ROOT_CLASS = YES_ERROR;
				CLANG_WARN_UNREACHABLE_CODE = YES;
				CLANG_WARN__DUPLICATE_METHOD_MATCH = YES;
				"CODE_SIGN_IDENTITY[sdk=iphoneos*]" = "iPhone Developer";
				COPY_PHASE_STRIP = NO;
				DEBUG_INFORMATION_FORMAT = dwarf;
				ENABLE_STRICT_OBJC_MSGSEND = YES;
				ENABLE_TESTABILITY = YES;
				GCC_C_LANGUAGE_STANDARD = gnu99;
				GCC_DYNAMIC_NO_PIC = NO;
				GCC_NO_COMMON_BLOCKS = YES;
				GCC_OPTIMIZATION_LEVEL = 0;
				GCC_PREPROCESSOR_DEFINITIONS = (
					"DEBUG=1",
					"$(inherited)",
				);
				GCC_WARN_64_TO_32_BIT_CONVERSION = YES;
				GCC_WARN_ABOUT_RETURN_TYPE = YES_ERROR;
				GCC_WARN_UNDECLARED_SELECTOR = YES;
				GCC_WARN_UNINITIALIZED_AUTOS = YES_AGGRESSIVE;
				GCC_WARN_UNUSED_FUNCTION = YES;
				GCC_WARN_UNUSED_VARIABLE = YES;
				IPHONEOS_DEPLOYMENT_TARGET = 9.3;
				MTL_ENABLE_DEBUG_INFO = YES;
				ONLY_ACTIVE_ARCH = YES;
				SDKROOT = iphoneos;
				SWIFT_OPTIMIZATION_LEVEL = "-Onone";
				TARGETED_DEVICE_FAMILY = "1,2";
			};
			name = Debug;
		};
		D4AD218A1CF8C8DF006A2289 /* Release */ = {
			isa = XCBuildConfiguration;
			buildSettings = {
				ALWAYS_SEARCH_USER_PATHS = NO;
				CLANG_ANALYZER_NONNULL = YES;
				CLANG_CXX_LANGUAGE_STANDARD = "gnu++0x";
				CLANG_CXX_LIBRARY = "libc++";
				CLANG_ENABLE_MODULES = YES;
				CLANG_ENABLE_OBJC_ARC = YES;
				CLANG_WARN_BOOL_CONVERSION = YES;
				CLANG_WARN_CONSTANT_CONVERSION = YES;
				CLANG_WARN_DIRECT_OBJC_ISA_USAGE = YES_ERROR;
				CLANG_WARN_EMPTY_BODY = YES;
				CLANG_WARN_ENUM_CONVERSION = YES;
				CLANG_WARN_INT_CONVERSION = YES;
				CLANG_WARN_OBJC_ROOT_CLASS = YES_ERROR;
				CLANG_WARN_UNREACHABLE_CODE = YES;
				CLANG_WARN__DUPLICATE_METHOD_MATCH = YES;
				"CODE_SIGN_IDENTITY[sdk=iphoneos*]" = "iPhone Developer";
				COPY_PHASE_STRIP = NO;
				DEBUG_INFORMATION_FORMAT = "dwarf-with-dsym";
				ENABLE_NS_ASSERTIONS = NO;
				ENABLE_STRICT_OBJC_MSGSEND = YES;
				GCC_C_LANGUAGE_STANDARD = gnu99;
				GCC_NO_COMMON_BLOCKS = YES;
				GCC_WARN_64_TO_32_BIT_CONVERSION = YES;
				GCC_WARN_ABOUT_RETURN_TYPE = YES_ERROR;
				GCC_WARN_UNDECLARED_SELECTOR = YES;
				GCC_WARN_UNINITIALIZED_AUTOS = YES_AGGRESSIVE;
				GCC_WARN_UNUSED_FUNCTION = YES;
				GCC_WARN_UNUSED_VARIABLE = YES;
				IPHONEOS_DEPLOYMENT_TARGET = 9.3;
				MTL_ENABLE_DEBUG_INFO = NO;
				SDKROOT = iphoneos;
				TARGETED_DEVICE_FAMILY = "1,2";
				VALIDATE_PRODUCT = YES;
			};
			name = Release;
		};
		D4AD218C1CF8C8DF006A2289 /* Debug */ = {
			isa = XCBuildConfiguration;
			baseConfigurationReference = 5C021D984A1FDE836D6C9C1C /* Pods-progmaticTweets.debug.xcconfig */;
			buildSettings = {
				ASSETCATALOG_COMPILER_APPICON_NAME = AppIcon;
				CODE_SIGN_IDENTITY = "iPhone Developer";
				"CODE_SIGN_IDENTITY[sdk=iphoneos*]" = "iPhone Developer";
				INFOPLIST_FILE = progmaticTweets/Info.plist;
				LD_RUNPATH_SEARCH_PATHS = "$(inherited) @executable_path/Frameworks";
				PRODUCT_BUNDLE_IDENTIFIER = lzhao.exercise.progmaticTweets;
				PRODUCT_NAME = "$(TARGET_NAME)";
				PROVISIONING_PROFILE = "";
			};
			name = Debug;
		};
		D4AD218D1CF8C8DF006A2289 /* Release */ = {
			isa = XCBuildConfiguration;
			baseConfigurationReference = 19C0338F3D8D8037C91EF1C8 /* Pods-progmaticTweets.release.xcconfig */;
			buildSettings = {
				ASSETCATALOG_COMPILER_APPICON_NAME = AppIcon;
				CODE_SIGN_IDENTITY = "iPhone Developer";
				"CODE_SIGN_IDENTITY[sdk=iphoneos*]" = "iPhone Developer";
				INFOPLIST_FILE = progmaticTweets/Info.plist;
				LD_RUNPATH_SEARCH_PATHS = "$(inherited) @executable_path/Frameworks";
				PRODUCT_BUNDLE_IDENTIFIER = lzhao.exercise.progmaticTweets;
				PRODUCT_NAME = "$(TARGET_NAME)";
				PROVISIONING_PROFILE = "";
			};
			name = Release;
		};
		D4AD218F1CF8C8DF006A2289 /* Debug */ = {
			isa = XCBuildConfiguration;
			baseConfigurationReference = C351A3974679EF267E2CFC6E /* Pods-progmaticTweetsTests.debug.xcconfig */;
			buildSettings = {
				BUNDLE_LOADER = "$(TEST_HOST)";
				INFOPLIST_FILE = progmaticTweetsTests/Info.plist;
				LD_RUNPATH_SEARCH_PATHS = "$(inherited) @executable_path/Frameworks @loader_path/Frameworks";
				PRODUCT_BUNDLE_IDENTIFIER = lzhao.exercise.progmaticTweetsTests;
				PRODUCT_NAME = "$(TARGET_NAME)";
				TEST_HOST = "$(BUILT_PRODUCTS_DIR)/progmaticTweets.app/progmaticTweets";
			};
			name = Debug;
		};
		D4AD21901CF8C8DF006A2289 /* Release */ = {
			isa = XCBuildConfiguration;
			baseConfigurationReference = F5556800F1E16001EA11074F /* Pods-progmaticTweetsTests.release.xcconfig */;
			buildSettings = {
				BUNDLE_LOADER = "$(TEST_HOST)";
				INFOPLIST_FILE = progmaticTweetsTests/Info.plist;
				LD_RUNPATH_SEARCH_PATHS = "$(inherited) @executable_path/Frameworks @loader_path/Frameworks";
				PRODUCT_BUNDLE_IDENTIFIER = lzhao.exercise.progmaticTweetsTests;
				PRODUCT_NAME = "$(TARGET_NAME)";
				TEST_HOST = "$(BUILT_PRODUCTS_DIR)/progmaticTweets.app/progmaticTweets";
			};
			name = Release;
		};
		D4AD21921CF8C8DF006A2289 /* Debug */ = {
			isa = XCBuildConfiguration;
			baseConfigurationReference = BB6BFA54F44CDE7E43DC8F8E /* Pods-progmaticTweetsUITests.debug.xcconfig */;
			buildSettings = {
				INFOPLIST_FILE = progmaticTweetsUITests/Info.plist;
				LD_RUNPATH_SEARCH_PATHS = "$(inherited) @executable_path/Frameworks @loader_path/Frameworks";
				PRODUCT_BUNDLE_IDENTIFIER = lzhao.exercise.progmaticTweetsUITests;
				PRODUCT_NAME = "$(TARGET_NAME)";
				TEST_TARGET_NAME = progmaticTweets;
			};
			name = Debug;
		};
		D4AD21931CF8C8DF006A2289 /* Release */ = {
			isa = XCBuildConfiguration;
			baseConfigurationReference = 39C14ED9902803E954E92215 /* Pods-progmaticTweetsUITests.release.xcconfig */;
			buildSettings = {
				INFOPLIST_FILE = progmaticTweetsUITests/Info.plist;
				LD_RUNPATH_SEARCH_PATHS = "$(inherited) @executable_path/Frameworks @loader_path/Frameworks";
				PRODUCT_BUNDLE_IDENTIFIER = lzhao.exercise.progmaticTweetsUITests;
				PRODUCT_NAME = "$(TARGET_NAME)";
				TEST_TARGET_NAME = progmaticTweets;
			};
			name = Release;
		};
/* End XCBuildConfiguration section */

/* Begin XCConfigurationList section */
		D4AD215E1CF8C8DE006A2289 /* Build configuration list for PBXProject "progmaticTweets" */ = {
			isa = XCConfigurationList;
			buildConfigurations = (
				D4AD21891CF8C8DF006A2289 /* Debug */,
				D4AD218A1CF8C8DF006A2289 /* Release */,
			);
			defaultConfigurationIsVisible = 0;
			defaultConfigurationName = Release;
		};
		D4AD218B1CF8C8DF006A2289 /* Build configuration list for PBXNativeTarget "progmaticTweets" */ = {
			isa = XCConfigurationList;
			buildConfigurations = (
				D4AD218C1CF8C8DF006A2289 /* Debug */,
				D4AD218D1CF8C8DF006A2289 /* Release */,
			);
			defaultConfigurationIsVisible = 0;
			defaultConfigurationName = Release;
		};
		D4AD218E1CF8C8DF006A2289 /* Build configuration list for PBXNativeTarget "progmaticTweetsTests" */ = {
			isa = XCConfigurationList;
			buildConfigurations = (
				D4AD218F1CF8C8DF006A2289 /* Debug */,
				D4AD21901CF8C8DF006A2289 /* Release */,
			);
			defaultConfigurationIsVisible = 0;
			defaultConfigurationName = Release;
		};
		D4AD21911CF8C8DF006A2289 /* Build configuration list for PBXNativeTarget "progmaticTweetsUITests" */ = {
			isa = XCConfigurationList;
			buildConfigurations = (
				D4AD21921CF8C8DF006A2289 /* Debug */,
				D4AD21931CF8C8DF006A2289 /* Release */,
			);
			defaultConfigurationIsVisible = 0;
			defaultConfigurationName = Release;
		};
/* End XCConfigurationList section */
	};
	rootObject = D4AD215B1CF8C8DE006A2289 /* Project object */;
}
