// !$*UTF8*$!
{
	archiveVersion = 1;
	classes = {
	};
	objectVersion = 46;
	objects = {

/* Begin PBXBuildFile section */
		71B111CC52CAD234132B3F3A /* Pods_TodolistTests.framework in Frameworks */ = {isa = PBXBuildFile; fileRef = FC101F29B16DB77D90F1BE6D /* Pods_TodolistTests.framework */; };
		7CDD3F09920FA00BC33B42A4 /* Pods_Todolist.framework in Frameworks */ = {isa = PBXBuildFile; fileRef = D41258444E853B23F0328B98 /* Pods_Todolist.framework */; };
		815A91FC3CC29D453789E26A /* Pods_TodolistUITests.framework in Frameworks */ = {isa = PBXBuildFile; fileRef = 35E93A750F71133AE8FA09AE /* Pods_TodolistUITests.framework */; };
		D4C852D91CF24FDA00C78204 /* AppDelegate.swift in Sources */ = {isa = PBXBuildFile; fileRef = D4C852D81CF24FDA00C78204 /* AppDelegate.swift */; };
		D4C852DB1CF24FDA00C78204 /* ViewController.swift in Sources */ = {isa = PBXBuildFile; fileRef = D4C852DA1CF24FDA00C78204 /* ViewController.swift */; };
		D4C852DE1CF24FDA00C78204 /* Main.storyboard in Resources */ = {isa = PBXBuildFile; fileRef = D4C852DC1CF24FDA00C78204 /* Main.storyboard */; };
		D4C852E01CF24FDA00C78204 /* Assets.xcassets in Resources */ = {isa = PBXBuildFile; fileRef = D4C852DF1CF24FDA00C78204 /* Assets.xcassets */; };
		D4C852E31CF24FDA00C78204 /* LaunchScreen.storyboard in Resources */ = {isa = PBXBuildFile; fileRef = D4C852E11CF24FDA00C78204 /* LaunchScreen.storyboard */; };
		D4C852EE1CF24FDA00C78204 /* TodolistTests.swift in Sources */ = {isa = PBXBuildFile; fileRef = D4C852ED1CF24FDA00C78204 /* TodolistTests.swift */; };
		D4C852F91CF24FDA00C78204 /* TodolistUITests.swift in Sources */ = {isa = PBXBuildFile; fileRef = D4C852F81CF24FDA00C78204 /* TodolistUITests.swift */; };
		D4C853071CF2512400C78204 /* TodoTableViewController.swift in Sources */ = {isa = PBXBuildFile; fileRef = D4C853061CF2512400C78204 /* TodoTableViewController.swift */; };
		D4C853091CF281C900C78204 /* entities.swift in Sources */ = {isa = PBXBuildFile; fileRef = D4C853081CF281C900C78204 /* entities.swift */; };
		D4C8530B1CF287A800C78204 /* TodosDatastore.swift in Sources */ = {isa = PBXBuildFile; fileRef = D4C8530A1CF287A800C78204 /* TodosDatastore.swift */; };
		D4FB35BB1CF41DA2009DB371 /* EditTodoTableViewController.swift in Sources */ = {isa = PBXBuildFile; fileRef = D4FB35BA1CF41DA2009DB371 /* EditTodoTableViewController.swift */; };
/* End PBXBuildFile section */

/* Begin PBXContainerItemProxy section */
		D4C852EA1CF24FDA00C78204 /* PBXContainerItemProxy */ = {
			isa = PBXContainerItemProxy;
			containerPortal = D4C852CD1CF24FDA00C78204 /* Project object */;
			proxyType = 1;
			remoteGlobalIDString = D4C852D41CF24FDA00C78204;
			remoteInfo = Todolist;
		};
		D4C852F51CF24FDA00C78204 /* PBXContainerItemProxy */ = {
			isa = PBXContainerItemProxy;
			containerPortal = D4C852CD1CF24FDA00C78204 /* Project object */;
			proxyType = 1;
			remoteGlobalIDString = D4C852D41CF24FDA00C78204;
			remoteInfo = Todolist;
		};
/* End PBXContainerItemProxy section */

/* Begin PBXFileReference section */
		1BB321BCBA815A46647F9E50 /* Pods-TodolistTests.release.xcconfig */ = {isa = PBXFileReference; includeInIndex = 1; lastKnownFileType = text.xcconfig; name = "Pods-TodolistTests.release.xcconfig"; path = "Pods/Target Support Files/Pods-TodolistTests/Pods-TodolistTests.release.xcconfig"; sourceTree = "<group>"; };
		35E93A750F71133AE8FA09AE /* Pods_TodolistUITests.framework */ = {isa = PBXFileReference; explicitFileType = wrapper.framework; includeInIndex = 0; path = Pods_TodolistUITests.framework; sourceTree = BUILT_PRODUCTS_DIR; };
		361646B673476F9064A4F86B /* Pods-Todolist.debug.xcconfig */ = {isa = PBXFileReference; includeInIndex = 1; lastKnownFileType = text.xcconfig; name = "Pods-Todolist.debug.xcconfig"; path = "Pods/Target Support Files/Pods-Todolist/Pods-Todolist.debug.xcconfig"; sourceTree = "<group>"; };
		3F253C2697C40FF48CC4100B /* Pods-TodolistUITests.debug.xcconfig */ = {isa = PBXFileReference; includeInIndex = 1; lastKnownFileType = text.xcconfig; name = "Pods-TodolistUITests.debug.xcconfig"; path = "Pods/Target Support Files/Pods-TodolistUITests/Pods-TodolistUITests.debug.xcconfig"; sourceTree = "<group>"; };
		9982F392BD93D88174D3E1AB /* Pods-Todolist.release.xcconfig */ = {isa = PBXFileReference; includeInIndex = 1; lastKnownFileType = text.xcconfig; name = "Pods-Todolist.release.xcconfig"; path = "Pods/Target Support Files/Pods-Todolist/Pods-Todolist.release.xcconfig"; sourceTree = "<group>"; };
		CF118E074F30037D088D8135 /* Pods-TodolistUITests.release.xcconfig */ = {isa = PBXFileReference; includeInIndex = 1; lastKnownFileType = text.xcconfig; name = "Pods-TodolistUITests.release.xcconfig"; path = "Pods/Target Support Files/Pods-TodolistUITests/Pods-TodolistUITests.release.xcconfig"; sourceTree = "<group>"; };
		D1B2B3D56046E0CD5B5A7161 /* Pods-TodolistTests.debug.xcconfig */ = {isa = PBXFileReference; includeInIndex = 1; lastKnownFileType = text.xcconfig; name = "Pods-TodolistTests.debug.xcconfig"; path = "Pods/Target Support Files/Pods-TodolistTests/Pods-TodolistTests.debug.xcconfig"; sourceTree = "<group>"; };
		D41258444E853B23F0328B98 /* Pods_Todolist.framework */ = {isa = PBXFileReference; explicitFileType = wrapper.framework; includeInIndex = 0; path = Pods_Todolist.framework; sourceTree = BUILT_PRODUCTS_DIR; };
		D4C852D51CF24FDA00C78204 /* Todolist.app */ = {isa = PBXFileReference; explicitFileType = wrapper.application; includeInIndex = 0; path = Todolist.app; sourceTree = BUILT_PRODUCTS_DIR; };
		D4C852D81CF24FDA00C78204 /* AppDelegate.swift */ = {isa = PBXFileReference; lastKnownFileType = sourcecode.swift; path = AppDelegate.swift; sourceTree = "<group>"; };
		D4C852DA1CF24FDA00C78204 /* ViewController.swift */ = {isa = PBXFileReference; lastKnownFileType = sourcecode.swift; path = ViewController.swift; sourceTree = "<group>"; };
		D4C852DD1CF24FDA00C78204 /* Base */ = {isa = PBXFileReference; lastKnownFileType = file.storyboard; name = Base; path = Base.lproj/Main.storyboard; sourceTree = "<group>"; };
		D4C852DF1CF24FDA00C78204 /* Assets.xcassets */ = {isa = PBXFileReference; lastKnownFileType = folder.assetcatalog; path = Assets.xcassets; sourceTree = "<group>"; };
		D4C852E21CF24FDA00C78204 /* Base */ = {isa = PBXFileReference; lastKnownFileType = file.storyboard; name = Base; path = Base.lproj/LaunchScreen.storyboard; sourceTree = "<group>"; };
		D4C852E41CF24FDA00C78204 /* Info.plist */ = {isa = PBXFileReference; lastKnownFileType = text.plist.xml; path = Info.plist; sourceTree = "<group>"; };
		D4C852E91CF24FDA00C78204 /* TodolistTests.xctest */ = {isa = PBXFileReference; explicitFileType = wrapper.cfbundle; includeInIndex = 0; path = TodolistTests.xctest; sourceTree = BUILT_PRODUCTS_DIR; };
		D4C852ED1CF24FDA00C78204 /* TodolistTests.swift */ = {isa = PBXFileReference; lastKnownFileType = sourcecode.swift; path = TodolistTests.swift; sourceTree = "<group>"; };
		D4C852EF1CF24FDA00C78204 /* Info.plist */ = {isa = PBXFileReference; lastKnownFileType = text.plist.xml; path = Info.plist; sourceTree = "<group>"; };
		D4C852F41CF24FDA00C78204 /* TodolistUITests.xctest */ = {isa = PBXFileReference; explicitFileType = wrapper.cfbundle; includeInIndex = 0; path = TodolistUITests.xctest; sourceTree = BUILT_PRODUCTS_DIR; };
		D4C852F81CF24FDA00C78204 /* TodolistUITests.swift */ = {isa = PBXFileReference; lastKnownFileType = sourcecode.swift; path = TodolistUITests.swift; sourceTree = "<group>"; };
		D4C852FA1CF24FDA00C78204 /* Info.plist */ = {isa = PBXFileReference; lastKnownFileType = text.plist.xml; path = Info.plist; sourceTree = "<group>"; };
		D4C853061CF2512400C78204 /* TodoTableViewController.swift */ = {isa = PBXFileReference; fileEncoding = 4; lastKnownFileType = sourcecode.swift; path = TodoTableViewController.swift; sourceTree = "<group>"; };
		D4C853081CF281C900C78204 /* entities.swift */ = {isa = PBXFileReference; fileEncoding = 4; lastKnownFileType = sourcecode.swift; path = entities.swift; sourceTree = "<group>"; };
		D4C8530A1CF287A800C78204 /* TodosDatastore.swift */ = {isa = PBXFileReference; fileEncoding = 4; lastKnownFileType = sourcecode.swift; path = TodosDatastore.swift; sourceTree = "<group>"; };
		D4FB35BA1CF41DA2009DB371 /* EditTodoTableViewController.swift */ = {isa = PBXFileReference; fileEncoding = 4; lastKnownFileType = sourcecode.swift; path = EditTodoTableViewController.swift; sourceTree = "<group>"; };
		FC101F29B16DB77D90F1BE6D /* Pods_TodolistTests.framework */ = {isa = PBXFileReference; explicitFileType = wrapper.framework; includeInIndex = 0; path = Pods_TodolistTests.framework; sourceTree = BUILT_PRODUCTS_DIR; };
/* End PBXFileReference section */

/* Begin PBXFrameworksBuildPhase section */
		D4C852D21CF24FDA00C78204 /* Frameworks */ = {
			isa = PBXFrameworksBuildPhase;
			buildActionMask = 2147483647;
			files = (
				7CDD3F09920FA00BC33B42A4 /* Pods_Todolist.framework in Frameworks */,
			);
			runOnlyForDeploymentPostprocessing = 0;
		};
		D4C852E61CF24FDA00C78204 /* Frameworks */ = {
			isa = PBXFrameworksBuildPhase;
			buildActionMask = 2147483647;
			files = (
				71B111CC52CAD234132B3F3A /* Pods_TodolistTests.framework in Frameworks */,
			);
			runOnlyForDeploymentPostprocessing = 0;
		};
		D4C852F11CF24FDA00C78204 /* Frameworks */ = {
			isa = PBXFrameworksBuildPhase;
			buildActionMask = 2147483647;
			files = (
				815A91FC3CC29D453789E26A /* Pods_TodolistUITests.framework in Frameworks */,
			);
			runOnlyForDeploymentPostprocessing = 0;
		};
/* End PBXFrameworksBuildPhase section */

/* Begin PBXGroup section */
		3EB8766E10E2B23446119340 /* Pods */ = {
			isa = PBXGroup;
			children = (
				361646B673476F9064A4F86B /* Pods-Todolist.debug.xcconfig */,
				9982F392BD93D88174D3E1AB /* Pods-Todolist.release.xcconfig */,
				D1B2B3D56046E0CD5B5A7161 /* Pods-TodolistTests.debug.xcconfig */,
				1BB321BCBA815A46647F9E50 /* Pods-TodolistTests.release.xcconfig */,
				3F253C2697C40FF48CC4100B /* Pods-TodolistUITests.debug.xcconfig */,
				CF118E074F30037D088D8135 /* Pods-TodolistUITests.release.xcconfig */,
			);
			name = Pods;
			sourceTree = "<group>";
		};
		4F0CCE9B9F8D0DB6C1379736 /* Frameworks */ = {
			isa = PBXGroup;
			children = (
				D41258444E853B23F0328B98 /* Pods_Todolist.framework */,
				FC101F29B16DB77D90F1BE6D /* Pods_TodolistTests.framework */,
				35E93A750F71133AE8FA09AE /* Pods_TodolistUITests.framework */,
			);
			name = Frameworks;
			sourceTree = "<group>";
		};
		D4C852CC1CF24FDA00C78204 = {
			isa = PBXGroup;
			children = (
				D4C852D71CF24FDA00C78204 /* Todolist */,
				D4C852EC1CF24FDA00C78204 /* TodolistTests */,
				D4C852F71CF24FDA00C78204 /* TodolistUITests */,
				D4C852D61CF24FDA00C78204 /* Products */,
				3EB8766E10E2B23446119340 /* Pods */,
				4F0CCE9B9F8D0DB6C1379736 /* Frameworks */,
			);
			sourceTree = "<group>";
		};
		D4C852D61CF24FDA00C78204 /* Products */ = {
			isa = PBXGroup;
			children = (
				D4C852D51CF24FDA00C78204 /* Todolist.app */,
				D4C852E91CF24FDA00C78204 /* TodolistTests.xctest */,
				D4C852F41CF24FDA00C78204 /* TodolistUITests.xctest */,
			);
			name = Products;
			sourceTree = "<group>";
		};
		D4C852D71CF24FDA00C78204 /* Todolist */ = {
			isa = PBXGroup;
			children = (
				D4C852D81CF24FDA00C78204 /* AppDelegate.swift */,
				D4C852DA1CF24FDA00C78204 /* ViewController.swift */,
				D4C852DC1CF24FDA00C78204 /* Main.storyboard */,
				D4C852DF1CF24FDA00C78204 /* Assets.xcassets */,
				D4C852E11CF24FDA00C78204 /* LaunchScreen.storyboard */,
				D4C852E41CF24FDA00C78204 /* Info.plist */,
				D4C853061CF2512400C78204 /* TodoTableViewController.swift */,
				D4C853081CF281C900C78204 /* entities.swift */,
				D4C8530A1CF287A800C78204 /* TodosDatastore.swift */,
				D4FB35BA1CF41DA2009DB371 /* EditTodoTableViewController.swift */,
			);
			path = Todolist;
			sourceTree = "<group>";
		};
		D4C852EC1CF24FDA00C78204 /* TodolistTests */ = {
			isa = PBXGroup;
			children = (
				D4C852ED1CF24FDA00C78204 /* TodolistTests.swift */,
				D4C852EF1CF24FDA00C78204 /* Info.plist */,
			);
			path = TodolistTests;
			sourceTree = "<group>";
		};
		D4C852F71CF24FDA00C78204 /* TodolistUITests */ = {
			isa = PBXGroup;
			children = (
				D4C852F81CF24FDA00C78204 /* TodolistUITests.swift */,
				D4C852FA1CF24FDA00C78204 /* Info.plist */,
			);
			path = TodolistUITests;
			sourceTree = "<group>";
		};
/* End PBXGroup section */

/* Begin PBXNativeTarget section */
		D4C852D41CF24FDA00C78204 /* Todolist */ = {
			isa = PBXNativeTarget;
			buildConfigurationList = D4C852FD1CF24FDA00C78204 /* Build configuration list for PBXNativeTarget "Todolist" */;
			buildPhases = (
				F44D3FE73942C47470CFBE9A /* 📦 Check Pods Manifest.lock */,
				D4C852D11CF24FDA00C78204 /* Sources */,
				D4C852D21CF24FDA00C78204 /* Frameworks */,
				D4C852D31CF24FDA00C78204 /* Resources */,
				9F2135CDAD5B8C591B58E65E /* 📦 Embed Pods Frameworks */,
				14849E8E7225F2DB64146956 /* 📦 Copy Pods Resources */,
			);
			buildRules = (
			);
			dependencies = (
			);
			name = Todolist;
			productName = Todolist;
			productReference = D4C852D51CF24FDA00C78204 /* Todolist.app */;
			productType = "com.apple.product-type.application";
		};
		D4C852E81CF24FDA00C78204 /* TodolistTests */ = {
			isa = PBXNativeTarget;
			buildConfigurationList = D4C853001CF24FDA00C78204 /* Build configuration list for PBXNativeTarget "TodolistTests" */;
			buildPhases = (
				35FF2CC735DFB4F579140C91 /* 📦 Check Pods Manifest.lock */,
				D4C852E51CF24FDA00C78204 /* Sources */,
				D4C852E61CF24FDA00C78204 /* Frameworks */,
				D4C852E71CF24FDA00C78204 /* Resources */,
				54031252BF712D37B15AF385 /* 📦 Embed Pods Frameworks */,
				74224DF829B03EEF1EFE4F21 /* 📦 Copy Pods Resources */,
			);
			buildRules = (
			);
			dependencies = (
				D4C852EB1CF24FDA00C78204 /* PBXTargetDependency */,
			);
			name = TodolistTests;
			productName = TodolistTests;
			productReference = D4C852E91CF24FDA00C78204 /* TodolistTests.xctest */;
			productType = "com.apple.product-type.bundle.unit-test";
		};
		D4C852F31CF24FDA00C78204 /* TodolistUITests */ = {
			isa = PBXNativeTarget;
			buildConfigurationList = D4C853031CF24FDA00C78204 /* Build configuration list for PBXNativeTarget "TodolistUITests" */;
			buildPhases = (
				8A058C40D6A22E82866D0E75 /* 📦 Check Pods Manifest.lock */,
				D4C852F01CF24FDA00C78204 /* Sources */,
				D4C852F11CF24FDA00C78204 /* Frameworks */,
				D4C852F21CF24FDA00C78204 /* Resources */,
				18FAE5A3352FAAFD70578399 /* 📦 Copy Pods Resources */,
			);
			buildRules = (
			);
			dependencies = (
				D4C852F61CF24FDA00C78204 /* PBXTargetDependency */,
			);
			name = TodolistUITests;
			productName = TodolistUITests;
			productReference = D4C852F41CF24FDA00C78204 /* TodolistUITests.xctest */;
			productType = "com.apple.product-type.bundle.ui-testing";
		};
/* End PBXNativeTarget section */

/* Begin PBXProject section */
		D4C852CD1CF24FDA00C78204 /* Project object */ = {
			isa = PBXProject;
			attributes = {
				LastSwiftUpdateCheck = 0730;
				LastUpgradeCheck = 0730;
				ORGANIZATIONNAME = "Lei Zhao";
				TargetAttributes = {
					D4C852D41CF24FDA00C78204 = {
						CreatedOnToolsVersion = 7.3.1;
						DevelopmentTeam = ZQNTYXCS7L;
					};
					D4C852E81CF24FDA00C78204 = {
						CreatedOnToolsVersion = 7.3.1;
						TestTargetID = D4C852D41CF24FDA00C78204;
					};
					D4C852F31CF24FDA00C78204 = {
						CreatedOnToolsVersion = 7.3.1;
						TestTargetID = D4C852D41CF24FDA00C78204;
					};
				};
			};
			buildConfigurationList = D4C852D01CF24FDA00C78204 /* Build configuration list for PBXProject "Todolist" */;
			compatibilityVersion = "Xcode 3.2";
			developmentRegion = English;
			hasScannedForEncodings = 0;
			knownRegions = (
				en,
				Base,
			);
			mainGroup = D4C852CC1CF24FDA00C78204;
			productRefGroup = D4C852D61CF24FDA00C78204 /* Products */;
			projectDirPath = "";
			projectRoot = "";
			targets = (
				D4C852D41CF24FDA00C78204 /* Todolist */,
				D4C852E81CF24FDA00C78204 /* TodolistTests */,
				D4C852F31CF24FDA00C78204 /* TodolistUITests */,
			);
		};
/* End PBXProject section */

/* Begin PBXResourcesBuildPhase section */
		D4C852D31CF24FDA00C78204 /* Resources */ = {
			isa = PBXResourcesBuildPhase;
			buildActionMask = 2147483647;
			files = (
				D4C852E31CF24FDA00C78204 /* LaunchScreen.storyboard in Resources */,
				D4C852E01CF24FDA00C78204 /* Assets.xcassets in Resources */,
				D4C852DE1CF24FDA00C78204 /* Main.storyboard in Resources */,
			);
			runOnlyForDeploymentPostprocessing = 0;
		};
		D4C852E71CF24FDA00C78204 /* Resources */ = {
			isa = PBXResourcesBuildPhase;
			buildActionMask = 2147483647;
			files = (
			);
			runOnlyForDeploymentPostprocessing = 0;
		};
		D4C852F21CF24FDA00C78204 /* Resources */ = {
			isa = PBXResourcesBuildPhase;
			buildActionMask = 2147483647;
			files = (
			);
			runOnlyForDeploymentPostprocessing = 0;
		};
/* End PBXResourcesBuildPhase section */

/* Begin PBXShellScriptBuildPhase section */
		14849E8E7225F2DB64146956 /* 📦 Copy Pods Resources */ = {
			isa = PBXShellScriptBuildPhase;
			buildActionMask = 2147483647;
			files = (
			);
			inputPaths = (
			);
			name = "📦 Copy Pods Resources";
			outputPaths = (
			);
			runOnlyForDeploymentPostprocessing = 0;
			shellPath = /bin/sh;
			shellScript = "\"${SRCROOT}/Pods/Target Support Files/Pods-Todolist/Pods-Todolist-resources.sh\"\n";
			showEnvVarsInLog = 0;
		};
		18FAE5A3352FAAFD70578399 /* 📦 Copy Pods Resources */ = {
			isa = PBXShellScriptBuildPhase;
			buildActionMask = 2147483647;
			files = (
			);
			inputPaths = (
			);
			name = "📦 Copy Pods Resources";
			outputPaths = (
			);
			runOnlyForDeploymentPostprocessing = 0;
			shellPath = /bin/sh;
			shellScript = "\"${SRCROOT}/Pods/Target Support Files/Pods-TodolistUITests/Pods-TodolistUITests-resources.sh\"\n";
			showEnvVarsInLog = 0;
		};
		35FF2CC735DFB4F579140C91 /* 📦 Check Pods Manifest.lock */ = {
			isa = PBXShellScriptBuildPhase;
			buildActionMask = 2147483647;
			files = (
			);
			inputPaths = (
			);
			name = "📦 Check Pods Manifest.lock";
			outputPaths = (
			);
			runOnlyForDeploymentPostprocessing = 0;
			shellPath = /bin/sh;
			shellScript = "diff \"${PODS_ROOT}/../Podfile.lock\" \"${PODS_ROOT}/Manifest.lock\" > /dev/null\nif [[ $? != 0 ]] ; then\n    cat << EOM\nerror: The sandbox is not in sync with the Podfile.lock. Run 'pod install' or update your CocoaPods installation.\nEOM\n    exit 1\nfi\n";
			showEnvVarsInLog = 0;
		};
		54031252BF712D37B15AF385 /* 📦 Embed Pods Frameworks */ = {
			isa = PBXShellScriptBuildPhase;
			buildActionMask = 2147483647;
			files = (
			);
			inputPaths = (
			);
			name = "📦 Embed Pods Frameworks";
			outputPaths = (
			);
			runOnlyForDeploymentPostprocessing = 0;
			shellPath = /bin/sh;
			shellScript = "\"${SRCROOT}/Pods/Target Support Files/Pods-TodolistTests/Pods-TodolistTests-frameworks.sh\"\n";
			showEnvVarsInLog = 0;
		};
		74224DF829B03EEF1EFE4F21 /* 📦 Copy Pods Resources */ = {
			isa = PBXShellScriptBuildPhase;
			buildActionMask = 2147483647;
			files = (
			);
			inputPaths = (
			);
			name = "📦 Copy Pods Resources";
			outputPaths = (
			);
			runOnlyForDeploymentPostprocessing = 0;
			shellPath = /bin/sh;
			shellScript = "\"${SRCROOT}/Pods/Target Support Files/Pods-TodolistTests/Pods-TodolistTests-resources.sh\"\n";
			showEnvVarsInLog = 0;
		};
		8A058C40D6A22E82866D0E75 /* 📦 Check Pods Manifest.lock */ = {
			isa = PBXShellScriptBuildPhase;
			buildActionMask = 2147483647;
			files = (
			);
			inputPaths = (
			);
			name = "📦 Check Pods Manifest.lock";
			outputPaths = (
			);
			runOnlyForDeploymentPostprocessing = 0;
			shellPath = /bin/sh;
			shellScript = "diff \"${PODS_ROOT}/../Podfile.lock\" \"${PODS_ROOT}/Manifest.lock\" > /dev/null\nif [[ $? != 0 ]] ; then\n    cat << EOM\nerror: The sandbox is not in sync with the Podfile.lock. Run 'pod install' or update your CocoaPods installation.\nEOM\n    exit 1\nfi\n";
			showEnvVarsInLog = 0;
		};
		9F2135CDAD5B8C591B58E65E /* 📦 Embed Pods Frameworks */ = {
			isa = PBXShellScriptBuildPhase;
			buildActionMask = 2147483647;
			files = (
			);
			inputPaths = (
			);
			name = "📦 Embed Pods Frameworks";
			outputPaths = (
			);
			runOnlyForDeploymentPostprocessing = 0;
			shellPath = /bin/sh;
			shellScript = "\"${SRCROOT}/Pods/Target Support Files/Pods-Todolist/Pods-Todolist-frameworks.sh\"\n";
			showEnvVarsInLog = 0;
		};
		F44D3FE73942C47470CFBE9A /* 📦 Check Pods Manifest.lock */ = {
			isa = PBXShellScriptBuildPhase;
			buildActionMask = 2147483647;
			files = (
			);
			inputPaths = (
			);
			name = "📦 Check Pods Manifest.lock";
			outputPaths = (
			);
			runOnlyForDeploymentPostprocessing = 0;
			shellPath = /bin/sh;
			shellScript = "diff \"${PODS_ROOT}/../Podfile.lock\" \"${PODS_ROOT}/Manifest.lock\" > /dev/null\nif [[ $? != 0 ]] ; then\n    cat << EOM\nerror: The sandbox is not in sync with the Podfile.lock. Run 'pod install' or update your CocoaPods installation.\nEOM\n    exit 1\nfi\n";
			showEnvVarsInLog = 0;
		};
/* End PBXShellScriptBuildPhase section */

/* Begin PBXSourcesBuildPhase section */
		D4C852D11CF24FDA00C78204 /* Sources */ = {
			isa = PBXSourcesBuildPhase;
			buildActionMask = 2147483647;
			files = (
				D4C8530B1CF287A800C78204 /* TodosDatastore.swift in Sources */,
				D4C852DB1CF24FDA00C78204 /* ViewController.swift in Sources */,
				D4C852D91CF24FDA00C78204 /* AppDelegate.swift in Sources */,
				D4C853091CF281C900C78204 /* entities.swift in Sources */,
				D4C853071CF2512400C78204 /* TodoTableViewController.swift in Sources */,
				D4FB35BB1CF41DA2009DB371 /* EditTodoTableViewController.swift in Sources */,
			);
			runOnlyForDeploymentPostprocessing = 0;
		};
		D4C852E51CF24FDA00C78204 /* Sources */ = {
			isa = PBXSourcesBuildPhase;
			buildActionMask = 2147483647;
			files = (
				D4C852EE1CF24FDA00C78204 /* TodolistTests.swift in Sources */,
			);
			runOnlyForDeploymentPostprocessing = 0;
		};
		D4C852F01CF24FDA00C78204 /* Sources */ = {
			isa = PBXSourcesBuildPhase;
			buildActionMask = 2147483647;
			files = (
				D4C852F91CF24FDA00C78204 /* TodolistUITests.swift in Sources */,
			);
			runOnlyForDeploymentPostprocessing = 0;
		};
/* End PBXSourcesBuildPhase section */

/* Begin PBXTargetDependency section */
		D4C852EB1CF24FDA00C78204 /* PBXTargetDependency */ = {
			isa = PBXTargetDependency;
			target = D4C852D41CF24FDA00C78204 /* Todolist */;
			targetProxy = D4C852EA1CF24FDA00C78204 /* PBXContainerItemProxy */;
		};
		D4C852F61CF24FDA00C78204 /* PBXTargetDependency */ = {
			isa = PBXTargetDependency;
			target = D4C852D41CF24FDA00C78204 /* Todolist */;
			targetProxy = D4C852F51CF24FDA00C78204 /* PBXContainerItemProxy */;
		};
/* End PBXTargetDependency section */

/* Begin PBXVariantGroup section */
		D4C852DC1CF24FDA00C78204 /* Main.storyboard */ = {
			isa = PBXVariantGroup;
			children = (
				D4C852DD1CF24FDA00C78204 /* Base */,
			);
			name = Main.storyboard;
			sourceTree = "<group>";
		};
		D4C852E11CF24FDA00C78204 /* LaunchScreen.storyboard */ = {
			isa = PBXVariantGroup;
			children = (
				D4C852E21CF24FDA00C78204 /* Base */,
			);
			name = LaunchScreen.storyboard;
			sourceTree = "<group>";
		};
/* End PBXVariantGroup section */

/* Begin XCBuildConfiguration section */
		D4C852FB1CF24FDA00C78204 /* Debug */ = {
			isa = XCBuildConfiguration;
			buildSettings = {
				ALWAYS_SEARCH_USER_PATHS = NO;
				CLANG_ANALYZER_NONNULL = YES;
				CLANG_CXX_LANGUAGE_STANDARD = "gnu++0x";
				CLANG_CXX_LIBRARY = "libc++";
				CLANG_ENABLE_MODULES = YES;
				CLANG_ENABLE_OBJC_ARC = YES;
				CLANG_WARN_BOOL_CONVERSION = YES;
				CLANG_WARN_CONSTANT_CONVERSION = YES;
				CLANG_WARN_DIRECT_OBJC_ISA_USAGE = YES_ERROR;
				CLANG_WARN_EMPTY_BODY = YES;
				CLANG_WARN_ENUM_CONVERSION = YES;
				CLANG_WARN_INT_CONVERSION = YES;
				CLANG_WARN_OBJC_ROOT_CLASS = YES_ERROR;
				CLANG_WARN_UNREACHABLE_CODE = YES;
				CLANG_WARN__DUPLICATE_METHOD_MATCH = YES;
				"CODE_SIGN_IDENTITY[sdk=iphoneos*]" = "iPhone Developer";
				COPY_PHASE_STRIP = NO;
				DEBUG_INFORMATION_FORMAT = dwarf;
				ENABLE_STRICT_OBJC_MSGSEND = YES;
				ENABLE_TESTABILITY = YES;
				GCC_C_LANGUAGE_STANDARD = gnu99;
				GCC_DYNAMIC_NO_PIC = NO;
				GCC_NO_COMMON_BLOCKS = YES;
				GCC_OPTIMIZATION_LEVEL = 0;
				GCC_PREPROCESSOR_DEFINITIONS = (
					"DEBUG=1",
					"$(inherited)",
				);
				GCC_WARN_64_TO_32_BIT_CONVERSION = YES;
				GCC_WARN_ABOUT_RETURN_TYPE = YES_ERROR;
				GCC_WARN_UNDECLARED_SELECTOR = YES;
				GCC_WARN_UNINITIALIZED_AUTOS = YES_AGGRESSIVE;
				GCC_WARN_UNUSED_FUNCTION = YES;
				GCC_WARN_UNUSED_VARIABLE = YES;
				IPHONEOS_DEPLOYMENT_TARGET = 9.3;
				MTL_ENABLE_DEBUG_INFO = YES;
				ONLY_ACTIVE_ARCH = YES;
				SDKROOT = iphoneos;
				SWIFT_OPTIMIZATION_LEVEL = "-Onone";
			};
			name = Debug;
		};
		D4C852FC1CF24FDA00C78204 /* Release */ = {
			isa = XCBuildConfiguration;
			buildSettings = {
				ALWAYS_SEARCH_USER_PATHS = NO;
				CLANG_ANALYZER_NONNULL = YES;
				CLANG_CXX_LANGUAGE_STANDARD = "gnu++0x";
				CLANG_CXX_LIBRARY = "libc++";
				CLANG_ENABLE_MODULES = YES;
				CLANG_ENABLE_OBJC_ARC = YES;
				CLANG_WARN_BOOL_CONVERSION = YES;
				CLANG_WARN_CONSTANT_CONVERSION = YES;
				CLANG_WARN_DIRECT_OBJC_ISA_USAGE = YES_ERROR;
				CLANG_WARN_EMPTY_BODY = YES;
				CLANG_WARN_ENUM_CONVERSION = YES;
				CLANG_WARN_INT_CONVERSION = YES;
				CLANG_WARN_OBJC_ROOT_CLASS = YES_ERROR;
				CLANG_WARN_UNREACHABLE_CODE = YES;
				CLANG_WARN__DUPLICATE_METHOD_MATCH = YES;
				"CODE_SIGN_IDENTITY[sdk=iphoneos*]" = "iPhone Developer";
				COPY_PHASE_STRIP = NO;
				DEBUG_INFORMATION_FORMAT = "dwarf-with-dsym";
				ENABLE_NS_ASSERTIONS = NO;
				ENABLE_STRICT_OBJC_MSGSEND = YES;
				GCC_C_LANGUAGE_STANDARD = gnu99;
				GCC_NO_COMMON_BLOCKS = YES;
				GCC_WARN_64_TO_32_BIT_CONVERSION = YES;
				GCC_WARN_ABOUT_RETURN_TYPE = YES_ERROR;
				GCC_WARN_UNDECLARED_SELECTOR = YES;
				GCC_WARN_UNINITIALIZED_AUTOS = YES_AGGRESSIVE;
				GCC_WARN_UNUSED_FUNCTION = YES;
				GCC_WARN_UNUSED_VARIABLE = YES;
				IPHONEOS_DEPLOYMENT_TARGET = 9.3;
				MTL_ENABLE_DEBUG_INFO = NO;
				SDKROOT = iphoneos;
				VALIDATE_PRODUCT = YES;
			};
			name = Release;
		};
		D4C852FE1CF24FDA00C78204 /* Debug */ = {
			isa = XCBuildConfiguration;
			baseConfigurationReference = 361646B673476F9064A4F86B /* Pods-Todolist.debug.xcconfig */;
			buildSettings = {
				ASSETCATALOG_COMPILER_APPICON_NAME = AppIcon;
				CODE_SIGN_IDENTITY = "iPhone Developer";
				"CODE_SIGN_IDENTITY[sdk=iphoneos*]" = "iPhone Developer";
				INFOPLIST_FILE = Todolist/Info.plist;
				LD_RUNPATH_SEARCH_PATHS = "$(inherited) @executable_path/Frameworks";
				PRODUCT_BUNDLE_IDENTIFIER = lzhao.exercise.Todolist;
				PRODUCT_NAME = "$(TARGET_NAME)";
				PROVISIONING_PROFILE = "";
			};
			name = Debug;
		};
		D4C852FF1CF24FDA00C78204 /* Release */ = {
			isa = XCBuildConfiguration;
			baseConfigurationReference = 9982F392BD93D88174D3E1AB /* Pods-Todolist.release.xcconfig */;
			buildSettings = {
				ASSETCATALOG_COMPILER_APPICON_NAME = AppIcon;
				CODE_SIGN_IDENTITY = "iPhone Developer";
				"CODE_SIGN_IDENTITY[sdk=iphoneos*]" = "iPhone Developer";
				INFOPLIST_FILE = Todolist/Info.plist;
				LD_RUNPATH_SEARCH_PATHS = "$(inherited) @executable_path/Frameworks";
				PRODUCT_BUNDLE_IDENTIFIER = lzhao.exercise.Todolist;
				PRODUCT_NAME = "$(TARGET_NAME)";
				PROVISIONING_PROFILE = "";
			};
			name = Release;
		};
		D4C853011CF24FDA00C78204 /* Debug */ = {
			isa = XCBuildConfiguration;
			baseConfigurationReference = D1B2B3D56046E0CD5B5A7161 /* Pods-TodolistTests.debug.xcconfig */;
			buildSettings = {
				BUNDLE_LOADER = "$(TEST_HOST)";
				INFOPLIST_FILE = TodolistTests/Info.plist;
				LD_RUNPATH_SEARCH_PATHS = "$(inherited) @executable_path/Frameworks @loader_path/Frameworks";
				PRODUCT_BUNDLE_IDENTIFIER = lzhao.exercise.TodolistTests;
				PRODUCT_NAME = "$(TARGET_NAME)";
				TEST_HOST = "$(BUILT_PRODUCTS_DIR)/Todolist.app/Todolist";
			};
			name = Debug;
		};
		D4C853021CF24FDA00C78204 /* Release */ = {
			isa = XCBuildConfiguration;
			baseConfigurationReference = 1BB321BCBA815A46647F9E50 /* Pods-TodolistTests.release.xcconfig */;
			buildSettings = {
				BUNDLE_LOADER = "$(TEST_HOST)";
				INFOPLIST_FILE = TodolistTests/Info.plist;
				LD_RUNPATH_SEARCH_PATHS = "$(inherited) @executable_path/Frameworks @loader_path/Frameworks";
				PRODUCT_BUNDLE_IDENTIFIER = lzhao.exercise.TodolistTests;
				PRODUCT_NAME = "$(TARGET_NAME)";
				TEST_HOST = "$(BUILT_PRODUCTS_DIR)/Todolist.app/Todolist";
			};
			name = Release;
		};
		D4C853041CF24FDA00C78204 /* Debug */ = {
			isa = XCBuildConfiguration;
			baseConfigurationReference = 3F253C2697C40FF48CC4100B /* Pods-TodolistUITests.debug.xcconfig */;
			buildSettings = {
				INFOPLIST_FILE = TodolistUITests/Info.plist;
				LD_RUNPATH_SEARCH_PATHS = "$(inherited) @executable_path/Frameworks @loader_path/Frameworks";
				PRODUCT_BUNDLE_IDENTIFIER = lzhao.exercise.TodolistUITests;
				PRODUCT_NAME = "$(TARGET_NAME)";
				TEST_TARGET_NAME = Todolist;
			};
			name = Debug;
		};
		D4C853051CF24FDA00C78204 /* Release */ = {
			isa = XCBuildConfiguration;
			baseConfigurationReference = CF118E074F30037D088D8135 /* Pods-TodolistUITests.release.xcconfig */;
			buildSettings = {
				INFOPLIST_FILE = TodolistUITests/Info.plist;
				LD_RUNPATH_SEARCH_PATHS = "$(inherited) @executable_path/Frameworks @loader_path/Frameworks";
				PRODUCT_BUNDLE_IDENTIFIER = lzhao.exercise.TodolistUITests;
				PRODUCT_NAME = "$(TARGET_NAME)";
				TEST_TARGET_NAME = Todolist;
			};
			name = Release;
		};
/* End XCBuildConfiguration section */

/* Begin XCConfigurationList section */
		D4C852D01CF24FDA00C78204 /* Build configuration list for PBXProject "Todolist" */ = {
			isa = XCConfigurationList;
			buildConfigurations = (
				D4C852FB1CF24FDA00C78204 /* Debug */,
				D4C852FC1CF24FDA00C78204 /* Release */,
			);
			defaultConfigurationIsVisible = 0;
			defaultConfigurationName = Release;
		};
		D4C852FD1CF24FDA00C78204 /* Build configuration list for PBXNativeTarget "Todolist" */ = {
			isa = XCConfigurationList;
			buildConfigurations = (
				D4C852FE1CF24FDA00C78204 /* Debug */,
				D4C852FF1CF24FDA00C78204 /* Release */,
			);
			defaultConfigurationIsVisible = 0;
			defaultConfigurationName = Release;
		};
		D4C853001CF24FDA00C78204 /* Build configuration list for PBXNativeTarget "TodolistTests" */ = {
			isa = XCConfigurationList;
			buildConfigurations = (
				D4C853011CF24FDA00C78204 /* Debug */,
				D4C853021CF24FDA00C78204 /* Release */,
			);
			defaultConfigurationIsVisible = 0;
			defaultConfigurationName = Release;
		};
		D4C853031CF24FDA00C78204 /* Build configuration list for PBXNativeTarget "TodolistUITests" */ = {
			isa = XCConfigurationList;
			buildConfigurations = (
				D4C853041CF24FDA00C78204 /* Debug */,
				D4C853051CF24FDA00C78204 /* Release */,
			);
			defaultConfigurationIsVisible = 0;
			defaultConfigurationName = Release;
		};
/* End XCConfigurationList section */
	};
	rootObject = D4C852CD1CF24FDA00C78204 /* Project object */;
}
